
Microsoft Visual Studio Solution File, Format Version 12.00
# Visual Studio Version 17
VisualStudioVersion = 17.0.31903.59
MinimumVisualStudioVersion = 10.0.40219.1
Project("{2150E333-8FDC-42A3-9474-1A3956D46DE8}") = "src", "src", "{827E0CD3-B72D-47B6-A68D-7590B98EB39B}"
EndProject
Project("{FAE04EC0-301F-11D3-BF4B-00C04F79EFBC}") = "CsmTcpRouter", "src\CsmTcpRouter\CsmTcpRouter.csproj", "{AA5DEDA8-96DD-4A05-8029-57ED1E7DCE1C}"
EndProject
Project("{2150E333-8FDC-42A3-9474-1A3956D46DE8}") = "tests", "tests", "{0AB3BF05-4346-4AA6-1389-037BE0695223}"
EndProject
Project("{FAE04EC0-301F-11D3-BF4B-00C04F79EFBC}") = "CsmTcpRouter.Tests", "tests\CsmTcpRouter.Tests\CsmTcpRouter.Tests.csproj", "{1EFBB3D5-6452-41A9-8501-897D421B33DB}"
EndProject
Project("{2150E333-8FDC-42A3-9474-1A3956D46DE8}") = "examples", "examples", "{B36A84DF-456D-A817-6EDD-3EC3E7F6E11F}"
EndProject
Project("{FAE04EC0-301F-11D3-BF4B-00C04F79EFBC}") = "BasicUsage", "examples\BasicUsage\BasicUsage.csproj", "{4DD90760-BF7D-45EB-BAE9-E47F65B053C9}"
EndProject
Project("{FAE04EC0-301F-11D3-BF4B-00C04F79EFBC}") = "ClientConsole", "examples\ClientConsole\ClientConsole.csproj", "{7160908E-E970-4A92-95B4-462403BD0EE8}"
EndProject
Global
	GlobalSection(SolutionConfigurationPlatforms) = preSolution
		Debug|Any CPU = Debug|Any CPU
		Debug|x64 = Debug|x64
		Debug|x86 = Debug|x86
		Release|Any CPU = Release|Any CPU
		Release|x64 = Release|x64
		Release|x86 = Release|x86
	EndGlobalSection
	GlobalSection(ProjectConfigurationPlatforms) = postSolution
		{AA5DEDA8-96DD-4A05-8029-57ED1E7DCE1C}.Debug|Any CPU.ActiveCfg = Debug|Any CPU
		{AA5DEDA8-96DD-4A05-8029-57ED1E7DCE1C}.Debug|Any CPU.Build.0 = Debug|Any CPU
		{AA5DEDA8-96DD-4A05-8029-57ED1E7DCE1C}.Debug|x64.ActiveCfg = Debug|Any CPU
		{AA5DEDA8-96DD-4A05-8029-57ED1E7DCE1C}.Debug|x64.Build.0 = Debug|Any CPU
		{AA5DEDA8-96DD-4A05-8029-57ED1E7DCE1C}.Debug|x86.ActiveCfg = Debug|Any CPU
		{AA5DEDA8-96DD-4A05-8029-57ED1E7DCE1C}.Debug|x86.Build.0 = Debug|Any CPU
		{AA5DEDA8-96DD-4A05-8029-57ED1E7DCE1C}.Release|Any CPU.ActiveCfg = Release|Any CPU
		{AA5DEDA8-96DD-4A05-8029-57ED1E7DCE1C}.Release|Any CPU.Build.0 = Release|Any CPU
		{AA5DEDA8-96DD-4A05-8029-57ED1E7DCE1C}.Release|x64.ActiveCfg = Release|Any CPU
		{AA5DEDA8-96DD-4A05-8029-57ED1E7DCE1C}.Release|x64.Build.0 = Release|Any CPU
		{AA5DEDA8-96DD-4A05-8029-57ED1E7DCE1C}.Release|x86.ActiveCfg = Release|Any CPU
		{AA5DEDA8-96DD-4A05-8029-57ED1E7DCE1C}.Release|x86.Build.0 = Release|Any CPU
		{1EFBB3D5-6452-41A9-8501-897D421B33DB}.Debug|Any CPU.ActiveCfg = Debug|Any CPU
		{1EFBB3D5-6452-41A9-8501-897D421B33DB}.Debug|Any CPU.Build.0 = Debug|Any CPU
		{1EFBB3D5-6452-41A9-8501-897D421B33DB}.Debug|x64.ActiveCfg = Debug|Any CPU
		{1EFBB3D5-6452-41A9-8501-897D421B33DB}.Debug|x64.Build.0 = Debug|Any CPU
		{1EFBB3D5-6452-41A9-8501-897D421B33DB}.Debug|x86.ActiveCfg = Debug|Any CPU
		{1EFBB3D5-6452-41A9-8501-897D421B33DB}.Debug|x86.Build.0 = Debug|Any CPU
		{1EFBB3D5-6452-41A9-8501-897D421B33DB}.Release|Any CPU.ActiveCfg = Release|Any CPU
		{1EFBB3D5-6452-41A9-8501-897D421B33DB}.Release|Any CPU.Build.0 = Release|Any CPU
		{1EFBB3D5-6452-41A9-8501-897D421B33DB}.Release|x64.ActiveCfg = Release|Any CPU
		{1EFBB3D5-6452-41A9-8501-897D421B33DB}.Release|x64.Build.0 = Release|Any CPU
		{1EFBB3D5-6452-41A9-8501-897D421B33DB}.Release|x86.ActiveCfg = Release|Any CPU
		{1EFBB3D5-6452-41A9-8501-897D421B33DB}.Release|x86.Build.0 = Release|Any CPU
		{4DD90760-BF7D-45EB-BAE9-E47F65B053C9}.Debug|Any CPU.ActiveCfg = Debug|Any CPU
		{4DD90760-BF7D-45EB-BAE9-E47F65B053C9}.Debug|Any CPU.Build.0 = Debug|Any CPU
		{4DD90760-BF7D-45EB-BAE9-E47F65B053C9}.Debug|x64.ActiveCfg = Debug|Any CPU
		{4DD90760-BF7D-45EB-BAE9-E47F65B053C9}.Debug|x64.Build.0 = Debug|Any CPU
		{4DD90760-BF7D-45EB-BAE9-E47F65B053C9}.Debug|x86.ActiveCfg = Debug|Any CPU
		{4DD90760-BF7D-45EB-BAE9-E47F65B053C9}.Debug|x86.Build.0 = Debug|Any CPU
		{4DD90760-BF7D-45EB-BAE9-E47F65B053C9}.Release|Any CPU.ActiveCfg = Release|Any CPU
		{4DD90760-BF7D-45EB-BAE9-E47F65B053C9}.Release|Any CPU.Build.0 = Release|Any CPU
		{4DD90760-BF7D-45EB-BAE9-E47F65B053C9}.Release|x64.ActiveCfg = Release|Any CPU
		{4DD90760-BF7D-45EB-BAE9-E47F65B053C9}.Release|x64.Build.0 = Release|Any CPU
		{4DD90760-BF7D-45EB-BAE9-E47F65B053C9}.Release|x86.ActiveCfg = Release|Any CPU
		{4DD90760-BF7D-45EB-BAE9-E47F65B053C9}.Release|x86.Build.0 = Release|Any CPU
		{7160908E-E970-4A92-95B4-462403BD0EE8}.Debug|Any CPU.ActiveCfg = Debug|Any CPU
		{7160908E-E970-4A92-95B4-462403BD0EE8}.Debug|Any CPU.Build.0 = Debug|Any CPU
		{7160908E-E970-4A92-95B4-462403BD0EE8}.Debug|x64.ActiveCfg = Debug|Any CPU
		{7160908E-E970-4A92-95B4-462403BD0EE8}.Debug|x64.Build.0 = Debug|Any CPU
		{7160908E-E970-4A92-95B4-462403BD0EE8}.Debug|x86.ActiveCfg = Debug|Any CPU
		{7160908E-E970-4A92-95B4-462403BD0EE8}.Debug|x86.Build.0 = Debug|Any CPU
		{7160908E-E970-4A92-95B4-462403BD0EE8}.Release|Any CPU.ActiveCfg = Release|Any CPU
		{7160908E-E970-4A92-95B4-462403BD0EE8}.Release|Any CPU.Build.0 = Release|Any CPU
		{7160908E-E970-4A92-95B4-462403BD0EE8}.Release|x64.ActiveCfg = Release|Any CPU
		{7160908E-E970-4A92-95B4-462403BD0EE8}.Release|x64.Build.0 = Release|Any CPU
		{7160908E-E970-4A92-95B4-462403BD0EE8}.Release|x86.ActiveCfg = Release|Any CPU
		{7160908E-E970-4A92-95B4-462403BD0EE8}.Release|x86.Build.0 = Release|Any CPU
	EndGlobalSection
	GlobalSection(SolutionProperties) = preSolution
		HideSolutionNode = FALSE
	EndGlobalSection
	GlobalSection(NestedProjects) = preSolution
		{AA5DEDA8-96DD-4A05-8029-57ED1E7DCE1C} = {827E0CD3-B72D-47B6-A68D-7590B98EB39B}
		{1EFBB3D5-6452-41A9-8501-897D421B33DB} = {0AB3BF05-4346-4AA6-1389-037BE0695223}
		{4DD90760-BF7D-45EB-BAE9-E47F65B053C9} = {B36A84DF-456D-A817-6EDD-3EC3E7F6E11F}
		{7160908E-E970-4A92-95B4-462403BD0EE8} = {B36A84DF-456D-A817-6EDD-3EC3E7F6E11F}
	EndGlobalSection
EndGlobal
